
Microsoft Visual Studio Solution File, Format Version 12.00
# Visual Studio 15
Project("{FAE04EC0-301F-11D3-BF4B-00C04F79EFBC}") = "a7d3c8a2c0bb5924e94c626e6e3cdcc0", "a7d3c8a2c0bb5924e94c626e6e3cdcc0.csproj", "{6F04323F-C412-072B-F29C-2CDC33CA5568}"
EndProject
Project("{FAE04EC0-301F-11D3-BF4B-00C04F79EFBC}") = "a7d3c8a2c0bb5924e94c626e6e3cdcc0.Editor", "a7d3c8a2c0bb5924e94c626e6e3cdcc0.Editor.csproj", "{1475EED8-F79E-E4C5-4308-74DCBDA6908C}"
EndProject
Global
	GlobalSection(SolutionConfigurationPlatforms) = preSolution
		Debug|Any CPU = Debug|Any CPU
		Release|Any CPU = Release|Any CPU
	EndGlobalSection
	GlobalSection(ProjectConfigurationPlatforms) = postSolution
		{6F04323F-C412-072B-F29C-2CDC33CA5568}.Debug|Any CPU.ActiveCfg = Debug|Any CPU
		{6F04323F-C412-072B-F29C-2CDC33CA5568}.Debug|Any CPU.Build.0 = Debug|Any CPU
		{6F04323F-C412-072B-F29C-2CDC33CA5568}.Release|Any CPU.ActiveCfg = Release|Any CPU
		{6F04323F-C412-072B-F29C-2CDC33CA5568}.Release|Any CPU.Build.0 = Release|Any CPU
		{1475EED8-F79E-E4C5-4308-74DCBDA6908C}.Debug|Any CPU.ActiveCfg = Debug|Any CPU
		{1475EED8-F79E-E4C5-4308-74DCBDA6908C}.Debug|Any CPU.Build.0 = Debug|Any CPU
		{1475EED8-F79E-E4C5-4308-74DCBDA6908C}.Release|Any CPU.ActiveCfg = Release|Any CPU
		{1475EED8-F79E-E4C5-4308-74DCBDA6908C}.Release|Any CPU.Build.0 = Release|Any CPU
	EndGlobalSection
	GlobalSection(SolutionProperties) = preSolution
		HideSolutionNode = FALSE
	EndGlobalSection
EndGlobal
